
Microsoft Visual Studio Solution File, Format Version 12.00
# Visual Studio Version 17
VisualStudioVersion = 17.0.31912.275
MinimumVisualStudioVersion = 10.0.40219.1
Project("{FAE04EC0-301F-11D3-BF4B-00C04F79EFBC}") = "CodeHero.Wordle.Api", "CodeHero.Wordle.Api\CodeHero.Wordle.Api.csproj", "{B772799B-7268-411D-9522-1C439FB86A1A}"
EndProject
Project("{FAE04EC0-301F-11D3-BF4B-00C04F79EFBC}") = "CodeHero.Wordle.Application", "CodeHero.Wordle.Application\CodeHero.Wordle.Application.csproj", "{4F8B2150-95BC-4360-B312-C363ADC2A77E}"
EndProject
Project("{FAE04EC0-301F-11D3-BF4B-00C04F79EFBC}") = "CodeHero.Wordle.Domain", "CodeHero.Wordle.Domain\CodeHero.Wordle.Domain.csproj", "{DD6DB48C-6FDD-4EDF-84C8-D4D27097E937}"
EndProject
Project("{2150E333-8FDC-42A3-9474-1A3956D46DE8}") = "Infrastructure", "Infrastructure", "{8A23F475-A8E0-465C-86FB-F5D262D5400D}"
EndProject
Project("{FAE04EC0-301F-11D3-BF4B-00C04F79EFBC}") = "CodeHero.Wordle.Database", "CodeHero.Wordle.Database\CodeHero.Wordle.Database.csproj", "{BE36F382-91DF-4E54-B8FB-0D10C1206C87}"
EndProject
Project("{FAE04EC0-301F-11D3-BF4B-00C04F79EFBC}") = "CodeHero.Wordle.WordFetcher", "CodeHero.Wordle.WordFetcher\CodeHero.Wordle.WordFetcher.csproj", "{0A3D0E38-F84C-4E63-B67E-8B7D940BFFF8}"
EndProject
Global
	GlobalSection(SolutionConfigurationPlatforms) = preSolution
		Debug|Any CPU = Debug|Any CPU
		Release|Any CPU = Release|Any CPU
	EndGlobalSection
	GlobalSection(ProjectConfigurationPlatforms) = postSolution
		{B772799B-7268-411D-9522-1C439FB86A1A}.Debug|Any CPU.ActiveCfg = Debug|Any CPU
		{B772799B-7268-411D-9522-1C439FB86A1A}.Debug|Any CPU.Build.0 = Debug|Any CPU
		{B772799B-7268-411D-9522-1C439FB86A1A}.Release|Any CPU.ActiveCfg = Release|Any CPU
		{B772799B-7268-411D-9522-1C439FB86A1A}.Release|Any CPU.Build.0 = Release|Any CPU
		{4F8B2150-95BC-4360-B312-C363ADC2A77E}.Debug|Any CPU.ActiveCfg = Debug|Any CPU
		{4F8B2150-95BC-4360-B312-C363ADC2A77E}.Debug|Any CPU.Build.0 = Debug|Any CPU
		{4F8B2150-95BC-4360-B312-C363ADC2A77E}.Release|Any CPU.ActiveCfg = Release|Any CPU
		{4F8B2150-95BC-4360-B312-C363ADC2A77E}.Release|Any CPU.Build.0 = Release|Any CPU
		{DD6DB48C-6FDD-4EDF-84C8-D4D27097E937}.Debug|Any CPU.ActiveCfg = Debug|Any CPU
		{DD6DB48C-6FDD-4EDF-84C8-D4D27097E937}.Debug|Any CPU.Build.0 = Debug|Any CPU
		{DD6DB48C-6FDD-4EDF-84C8-D4D27097E937}.Release|Any CPU.ActiveCfg = Release|Any CPU
		{DD6DB48C-6FDD-4EDF-84C8-D4D27097E937}.Release|Any CPU.Build.0 = Release|Any CPU
		{BE36F382-91DF-4E54-B8FB-0D10C1206C87}.Debug|Any CPU.ActiveCfg = Debug|Any CPU
		{BE36F382-91DF-4E54-B8FB-0D10C1206C87}.Debug|Any CPU.Build.0 = Debug|Any CPU
		{BE36F382-91DF-4E54-B8FB-0D10C1206C87}.Release|Any CPU.ActiveCfg = Release|Any CPU
		{BE36F382-91DF-4E54-B8FB-0D10C1206C87}.Release|Any CPU.Build.0 = Release|Any CPU
		{0A3D0E38-F84C-4E63-B67E-8B7D940BFFF8}.Debug|Any CPU.ActiveCfg = Debug|Any CPU
		{0A3D0E38-F84C-4E63-B67E-8B7D940BFFF8}.Debug|Any CPU.Build.0 = Debug|Any CPU
		{0A3D0E38-F84C-4E63-B67E-8B7D940BFFF8}.Release|Any CPU.ActiveCfg = Release|Any CPU
		{0A3D0E38-F84C-4E63-B67E-8B7D940BFFF8}.Release|Any CPU.Build.0 = Release|Any CPU
	EndGlobalSection
	GlobalSection(SolutionProperties) = preSolution
		HideSolutionNode = FALSE
	EndGlobalSection
	GlobalSection(NestedProjects) = preSolution
		{BE36F382-91DF-4E54-B8FB-0D10C1206C87} = {8A23F475-A8E0-465C-86FB-F5D262D5400D}
		{0A3D0E38-F84C-4E63-B67E-8B7D940BFFF8} = {8A23F475-A8E0-465C-86FB-F5D262D5400D}
	EndGlobalSection
	GlobalSection(ExtensibilityGlobals) = postSolution
		SolutionGuid = {5A15D198-D0DC-4AB8-BAEC-1FF1BF3F2358}
	EndGlobalSection
EndGlobal
